// !$*UTF8*$!
{
	archiveVersion = 1;
	classes = {
	};
	objectVersion = 56;
	objects = {

/* Begin PBXBuildFile section */
		493AB0242CC01CFC008ABA00 /* CurvedTabBarApp.swift in Sources */ = {isa = PBXBuildFile; fileRef = 493AB0232CC01CFC008ABA00 /* CurvedTabBarApp.swift */; };
		493AB0262CC01CFC008ABA00 /* ContentView.swift in Sources */ = {isa = PBXBuildFile; fileRef = 493AB0252CC01CFC008ABA00 /* ContentView.swift */; };
		493AB0282CC01CFD008ABA00 /* Assets.xcassets in Resources */ = {isa = PBXBuildFile; fileRef = 493AB0272CC01CFD008ABA00 /* Assets.xcassets */; };
		493AB02B2CC01CFD008ABA00 /* Preview Assets.xcassets in Resources */ = {isa = PBXBuildFile; fileRef = 493AB02A2CC01CFD008ABA00 /* Preview Assets.xcassets */; };
		493AB0352CC01CFD008ABA00 /* CurvedTabBarTests.swift in Sources */ = {isa = PBXBuildFile; fileRef = 493AB0342CC01CFD008ABA00 /* CurvedTabBarTests.swift */; };
		493AB03F2CC01CFD008ABA00 /* CurvedTabBarUITests.swift in Sources */ = {isa = PBXBuildFile; fileRef = 493AB03E2CC01CFD008ABA00 /* CurvedTabBarUITests.swift */; };
		493AB0412CC01CFD008ABA00 /* CurvedTabBarUITestsLaunchTests.swift in Sources */ = {isa = PBXBuildFile; fileRef = 493AB0402CC01CFD008ABA00 /* CurvedTabBarUITestsLaunchTests.swift */; };
		493AB04F2CC01D2A008ABA00 /* AnimatedShape.swift in Sources */ = {isa = PBXBuildFile; fileRef = 493AB04E2CC01D2A008ABA00 /* AnimatedShape.swift */; };
		493AB0512CC01D34008ABA00 /* Home.swift in Sources */ = {isa = PBXBuildFile; fileRef = 493AB0502CC01D34008ABA00 /* Home.swift */; };
		493AB0532CC01D42008ABA00 /* TabBarButton.swift in Sources */ = {isa = PBXBuildFile; fileRef = 493AB0522CC01D42008ABA00 /* TabBarButton.swift */; };
/* End PBXBuildFile section */

/* Begin PBXContainerItemProxy section */
		493AB0312CC01CFD008ABA00 /* PBXContainerItemProxy */ = {
			isa = PBXContainerItemProxy;
			containerPortal = 493AB0182CC01CFC008ABA00 /* Project object */;
			proxyType = 1;
			remoteGlobalIDString = 493AB01F2CC01CFC008ABA00;
			remoteInfo = CurvedTabBar;
		};
		493AB03B2CC01CFD008ABA00 /* PBXContainerItemProxy */ = {
			isa = PBXContainerItemProxy;
			containerPortal = 493AB0182CC01CFC008ABA00 /* Project object */;
			proxyType = 1;
			remoteGlobalIDString = 493AB01F2CC01CFC008ABA00;
			remoteInfo = CurvedTabBar;
		};
/* End PBXContainerItemProxy section */

/* Begin PBXFileReference section */
		493AB0202CC01CFC008ABA00 /* CurvedTabBar.app */ = {isa = PBXFileReference; explicitFileType = wrapper.application; includeInIndex = 0; path = CurvedTabBar.app; sourceTree = BUILT_PRODUCTS_DIR; };
		493AB0232CC01CFC008ABA00 /* CurvedTabBarApp.swift */ = {isa = PBXFileReference; lastKnownFileType = sourcecode.swift; path = CurvedTabBarApp.swift; sourceTree = "<group>"; };
		493AB0252CC01CFC008ABA00 /* ContentView.swift */ = {isa = PBXFileReference; lastKnownFileType = sourcecode.swift; path = ContentView.swift; sourceTree = "<group>"; };
		493AB0272CC01CFD008ABA00 /* Assets.xcassets */ = {isa = PBXFileReference; lastKnownFileType = folder.assetcatalog; path = Assets.xcassets; sourceTree = "<group>"; };
		493AB02A2CC01CFD008ABA00 /* Preview Assets.xcassets */ = {isa = PBXFileReference; lastKnownFileType = folder.assetcatalog; path = "Preview Assets.xcassets"; sourceTree = "<group>"; };
		493AB0302CC01CFD008ABA00 /* CurvedTabBarTests.xctest */ = {isa = PBXFileReference; explicitFileType = wrapper.cfbundle; includeInIndex = 0; path = CurvedTabBarTests.xctest; sourceTree = BUILT_PRODUCTS_DIR; };
		493AB0342CC01CFD008ABA00 /* CurvedTabBarTests.swift */ = {isa = PBXFileReference; lastKnownFileType = sourcecode.swift; path = CurvedTabBarTests.swift; sourceTree = "<group>"; };
		493AB03A2CC01CFD008ABA00 /* CurvedTabBarUITests.xctest */ = {isa = PBXFileReference; explicitFileType = wrapper.cfbundle; includeInIndex = 0; path = CurvedTabBarUITests.xctest; sourceTree = BUILT_PRODUCTS_DIR; };
		493AB03E2CC01CFD008ABA00 /* CurvedTabBarUITests.swift */ = {isa = PBXFileReference; lastKnownFileType = sourcecode.swift; path = CurvedTabBarUITests.swift; sourceTree = "<group>"; };
		493AB0402CC01CFD008ABA00 /* CurvedTabBarUITestsLaunchTests.swift */ = {isa = PBXFileReference; lastKnownFileType = sourcecode.swift; path = CurvedTabBarUITestsLaunchTests.swift; sourceTree = "<group>"; };
		493AB04E2CC01D2A008ABA00 /* AnimatedShape.swift */ = {isa = PBXFileReference; lastKnownFileType = sourcecode.swift; path = AnimatedShape.swift; sourceTree = "<group>"; };
		493AB0502CC01D34008ABA00 /* Home.swift */ = {isa = PBXFileReference; lastKnownFileType = sourcecode.swift; path = Home.swift; sourceTree = "<group>"; };
		493AB0522CC01D42008ABA00 /* TabBarButton.swift */ = {isa = PBXFileReference; lastKnownFileType = sourcecode.swift; path = TabBarButton.swift; sourceTree = "<group>"; };
/* End PBXFileReference section */

/* Begin PBXFrameworksBuildPhase section */
		493AB01D2CC01CFC008ABA00 /* Frameworks */ = {
			isa = PBXFrameworksBuildPhase;
			buildActionMask = 2147483647;
			files = (
			);
			runOnlyForDeploymentPostprocessing = 0;
		};
		493AB02D2CC01CFD008ABA00 /* Frameworks */ = {
			isa = PBXFrameworksBuildPhase;
			buildActionMask = 2147483647;
			files = (
			);
			runOnlyForDeploymentPostprocessing = 0;
		};
		493AB0372CC01CFD008ABA00 /* Frameworks */ = {
			isa = PBXFrameworksBuildPhase;
			buildActionMask = 2147483647;
			files = (
			);
			runOnlyForDeploymentPostprocessing = 0;
		};
/* End PBXFrameworksBuildPhase section */

/* Begin PBXGroup section */
		493AB0172CC01CFC008ABA00 = {
			isa = PBXGroup;
			children = (
				493AB0222CC01CFC008ABA00 /* CurvedTabBar */,
				493AB0332CC01CFD008ABA00 /* CurvedTabBarTests */,
				493AB03D2CC01CFD008ABA00 /* CurvedTabBarUITests */,
				493AB0212CC01CFC008ABA00 /* Products */,
			);
			sourceTree = "<group>";
		};
		493AB0212CC01CFC008ABA00 /* Products */ = {
			isa = PBXGroup;
			children = (
				493AB0202CC01CFC008ABA00 /* CurvedTabBar.app */,
				493AB0302CC01CFD008ABA00 /* CurvedTabBarTests.xctest */,
				493AB03A2CC01CFD008ABA00 /* CurvedTabBarUITests.xctest */,
			);
			name = Products;
			sourceTree = "<group>";
		};
		493AB0222CC01CFC008ABA00 /* CurvedTabBar */ = {
			isa = PBXGroup;
			children = (
				493AB04D2CC01D19008ABA00 /* View */,
				493AB0232CC01CFC008ABA00 /* CurvedTabBarApp.swift */,
				493AB0252CC01CFC008ABA00 /* ContentView.swift */,
				493AB0272CC01CFD008ABA00 /* Assets.xcassets */,
				493AB0292CC01CFD008ABA00 /* Preview Content */,
			);
			path = CurvedTabBar;
			sourceTree = "<group>";
		};
		493AB0292CC01CFD008ABA00 /* Preview Content */ = {
			isa = PBXGroup;
			children = (
				493AB02A2CC01CFD008ABA00 /* Preview Assets.xcassets */,
			);
			path = "Preview Content";
			sourceTree = "<group>";
		};
		493AB0332CC01CFD008ABA00 /* CurvedTabBarTests */ = {
			isa = PBXGroup;
			children = (
				493AB0342CC01CFD008ABA00 /* CurvedTabBarTests.swift */,
			);
			path = CurvedTabBarTests;
			sourceTree = "<group>";
		};
		493AB03D2CC01CFD008ABA00 /* CurvedTabBarUITests */ = {
			isa = PBXGroup;
			children = (
				493AB03E2CC01CFD008ABA00 /* CurvedTabBarUITests.swift */,
				493AB0402CC01CFD008ABA00 /* CurvedTabBarUITestsLaunchTests.swift */,
			);
			path = CurvedTabBarUITests;
			sourceTree = "<group>";
		};
		493AB04D2CC01D19008ABA00 /* View */ = {
			isa = PBXGroup;
			children = (
				493AB04E2CC01D2A008ABA00 /* AnimatedShape.swift */,
				493AB0502CC01D34008ABA00 /* Home.swift */,
				493AB0522CC01D42008ABA00 /* TabBarButton.swift */,
			);
			path = View;
			sourceTree = "<group>";
		};
/* End PBXGroup section */

/* Begin PBXNativeTarget section */
		493AB01F2CC01CFC008ABA00 /* CurvedTabBar */ = {
			isa = PBXNativeTarget;
			buildConfigurationList = 493AB0442CC01CFD008ABA00 /* Build configuration list for PBXNativeTarget "CurvedTabBar" */;
			buildPhases = (
				493AB01C2CC01CFC008ABA00 /* Sources */,
				493AB01D2CC01CFC008ABA00 /* Frameworks */,
				493AB01E2CC01CFC008ABA00 /* Resources */,
			);
			buildRules = (
			);
			dependencies = (
			);
			name = CurvedTabBar;
			productName = CurvedTabBar;
			productReference = 493AB0202CC01CFC008ABA00 /* CurvedTabBar.app */;
			productType = "com.apple.product-type.application";
		};
		493AB02F2CC01CFD008ABA00 /* CurvedTabBarTests */ = {
			isa = PBXNativeTarget;
			buildConfigurationList = 493AB0472CC01CFD008ABA00 /* Build configuration list for PBXNativeTarget "CurvedTabBarTests" */;
			buildPhases = (
				493AB02C2CC01CFD008ABA00 /* Sources */,
				493AB02D2CC01CFD008ABA00 /* Frameworks */,
				493AB02E2CC01CFD008ABA00 /* Resources */,
			);
			buildRules = (
			);
			dependencies = (
				493AB0322CC01CFD008ABA00 /* PBXTargetDependency */,
			);
			name = CurvedTabBarTests;
			productName = CurvedTabBarTests;
			productReference = 493AB0302CC01CFD008ABA00 /* CurvedTabBarTests.xctest */;
			productType = "com.apple.product-type.bundle.unit-test";
		};
		493AB0392CC01CFD008ABA00 /* CurvedTabBarUITests */ = {
			isa = PBXNativeTarget;
			buildConfigurationList = 493AB04A2CC01CFD008ABA00 /* Build configuration list for PBXNativeTarget "CurvedTabBarUITests" */;
			buildPhases = (
				493AB0362CC01CFD008ABA00 /* Sources */,
				493AB0372CC01CFD008ABA00 /* Frameworks */,
				493AB0382CC01CFD008ABA00 /* Resources */,
			);
			buildRules = (
			);
			dependencies = (
				493AB03C2CC01CFD008ABA00 /* PBXTargetDependency */,
			);
			name = CurvedTabBarUITests;
			productName = CurvedTabBarUITests;
			productReference = 493AB03A2CC01CFD008ABA00 /* CurvedTabBarUITests.xctest */;
			productType = "com.apple.product-type.bundle.ui-testing";
		};
/* End PBXNativeTarget section */

/* Begin PBXProject section */
		493AB0182CC01CFC008ABA00 /* Project object */ = {
			isa = PBXProject;
			attributes = {
				BuildIndependentTargetsInParallel = 1;
				LastSwiftUpdateCheck = 1510;
				LastUpgradeCheck = 1510;
				TargetAttributes = {
					493AB01F2CC01CFC008ABA00 = {
						CreatedOnToolsVersion = 15.1;
					};
					493AB02F2CC01CFD008ABA00 = {
						CreatedOnToolsVersion = 15.1;
						TestTargetID = 493AB01F2CC01CFC008ABA00;
					};
					493AB0392CC01CFD008ABA00 = {
						CreatedOnToolsVersion = 15.1;
						TestTargetID = 493AB01F2CC01CFC008ABA00;
					};
				};
			};
			buildConfigurationList = 493AB01B2CC01CFC008ABA00 /* Build configuration list for PBXProject "CurvedTabBar" */;
			compatibilityVersion = "Xcode 14.0";
			developmentRegion = en;
			hasScannedForEncodings = 0;
			knownRegions = (
				en,
				Base,
			);
			mainGroup = 493AB0172CC01CFC008ABA00;
			productRefGroup = 493AB0212CC01CFC008ABA00 /* Products */;
			projectDirPath = "";
			projectRoot = "";
			targets = (
				493AB01F2CC01CFC008ABA00 /* CurvedTabBar */,
				493AB02F2CC01CFD008ABA00 /* CurvedTabBarTests */,
				493AB0392CC01CFD008ABA00 /* CurvedTabBarUITests */,
			);
		};
/* End PBXProject section */

/* Begin PBXResourcesBuildPhase section */
		493AB01E2CC01CFC008ABA00 /* Resources */ = {
			isa = PBXResourcesBuildPhase;
			buildActionMask = 2147483647;
			files = (
				493AB02B2CC01CFD008ABA00 /* Preview Assets.xcassets in Resources */,
				493AB0282CC01CFD008ABA00 /* Assets.xcassets in Resources */,
			);
			runOnlyForDeploymentPostprocessing = 0;
		};
		493AB02E2CC01CFD008ABA00 /* Resources */ = {
			isa = PBXResourcesBuildPhase;
			buildActionMask = 2147483647;
			files = (
			);
			runOnlyForDeploymentPostprocessing = 0;
		};
		493AB0382CC01CFD008ABA00 /* Resources */ = {
			isa = PBXResourcesBuildPhase;
			buildActionMask = 2147483647;
			files = (
			);
			runOnlyForDeploymentPostprocessing = 0;
		};
/* End PBXResourcesBuildPhase section */

/* Begin PBXSourcesBuildPhase section */
		493AB01C2CC01CFC008ABA00 /* Sources */ = {
			isa = PBXSourcesBuildPhase;
			buildActionMask = 2147483647;
			files = (
				493AB0262CC01CFC008ABA00 /* ContentView.swift in Sources */,
				493AB04F2CC01D2A008ABA00 /* AnimatedShape.swift in Sources */,
				493AB0512CC01D34008ABA00 /* Home.swift in Sources */,
				493AB0532CC01D42008ABA00 /* TabBarButton.swift in Sources */,
				493AB0242CC01CFC008ABA00 /* CurvedTabBarApp.swift in Sources */,
			);
			runOnlyForDeploymentPostprocessing = 0;
		};
		493AB02C2CC01CFD008ABA00 /* Sources */ = {
			isa = PBXSourcesBuildPhase;
			buildActionMask = 2147483647;
			files = (
				493AB0352CC01CFD008ABA00 /* CurvedTabBarTests.swift in Sources */,
			);
			runOnlyForDeploymentPostprocessing = 0;
		};
		493AB0362CC01CFD008ABA00 /* Sources */ = {
			isa = PBXSourcesBuildPhase;
			buildActionMask = 2147483647;
			files = (
				493AB03F2CC01CFD008ABA00 /* CurvedTabBarUITests.swift in Sources */,
				493AB0412CC01CFD008ABA00 /* CurvedTabBarUITestsLaunchTests.swift in Sources */,
			);
			runOnlyForDeploymentPostprocessing = 0;
		};
/* End PBXSourcesBuildPhase section */

/* Begin PBXTargetDependency section */
		493AB0322CC01CFD008ABA00 /* PBXTargetDependency */ = {
			isa = PBXTargetDependency;
			target = 493AB01F2CC01CFC008ABA00 /* CurvedTabBar */;
			targetProxy = 493AB0312CC01CFD008ABA00 /* PBXContainerItemProxy */;
		};
		493AB03C2CC01CFD008ABA00 /* PBXTargetDependency */ = {
			isa = PBXTargetDependency;
			target = 493AB01F2CC01CFC008ABA00 /* CurvedTabBar */;
			targetProxy = 493AB03B2CC01CFD008ABA00 /* PBXContainerItemProxy */;
		};
/* End PBXTargetDependency section */

/* Begin XCBuildConfiguration section */
		493AB0422CC01CFD008ABA00 /* Debug */ = {
			isa = XCBuildConfiguration;
			buildSettings = {
				ALWAYS_SEARCH_USER_PATHS = NO;
				ASSETCATALOG_COMPILER_GENERATE_SWIFT_ASSET_SYMBOL_EXTENSIONS = YES;
				CLANG_ANALYZER_NONNULL = YES;
				CLANG_ANALYZER_NUMBER_OBJECT_CONVERSION = YES_AGGRESSIVE;
				CLANG_CXX_LANGUAGE_STANDARD = "gnu++20";
				CLANG_ENABLE_MODULES = YES;
				CLANG_ENABLE_OBJC_ARC = YES;
				CLANG_ENABLE_OBJC_WEAK = YES;
				CLANG_WARN_BLOCK_CAPTURE_AUTORELEASING = YES;
				CLANG_WARN_BOOL_CONVERSION = YES;
				CLANG_WARN_COMMA = YES;
				CLANG_WARN_CONSTANT_CONVERSION = YES;
				CLANG_WARN_DEPRECATED_OBJC_IMPLEMENTATIONS = YES;
				CLANG_WARN_DIRECT_OBJC_ISA_USAGE = YES_ERROR;
				CLANG_WARN_DOCUMENTATION_COMMENTS = YES;
				CLANG_WARN_EMPTY_BODY = YES;
				CLANG_WARN_ENUM_CONVERSION = YES;
				CLANG_WARN_INFINITE_RECURSION = YES;
				CLANG_WARN_INT_CONVERSION = YES;
				CLANG_WARN_NON_LITERAL_NULL_CONVERSION = YES;
				CLANG_WARN_OBJC_IMPLICIT_RETAIN_SELF = YES;
				CLANG_WARN_OBJC_LITERAL_CONVERSION = YES;
				CLANG_WARN_OBJC_ROOT_CLASS = YES_ERROR;
				CLANG_WARN_QUOTED_INCLUDE_IN_FRAMEWORK_HEADER = YES;
				CLANG_WARN_RANGE_LOOP_ANALYSIS = YES;
				CLANG_WARN_STRICT_PROTOTYPES = YES;
				CLANG_WARN_SUSPICIOUS_MOVE = YES;
				CLANG_WARN_UNGUARDED_AVAILABILITY = YES_AGGRESSIVE;
				CLANG_WARN_UNREACHABLE_CODE = YES;
				CLANG_WARN__DUPLICATE_METHOD_MATCH = YES;
				COPY_PHASE_STRIP = NO;
				DEBUG_INFORMATION_FORMAT = dwarf;
				ENABLE_STRICT_OBJC_MSGSEND = YES;
				ENABLE_TESTABILITY = YES;
				ENABLE_USER_SCRIPT_SANDBOXING = YES;
				GCC_C_LANGUAGE_STANDARD = gnu17;
				GCC_DYNAMIC_NO_PIC = NO;
				GCC_NO_COMMON_BLOCKS = YES;
				GCC_OPTIMIZATION_LEVEL = 0;
				GCC_PREPROCESSOR_DEFINITIONS = (
					"DEBUG=1",
					"$(inherited)",
				);
				GCC_WARN_64_TO_32_BIT_CONVERSION = YES;
				GCC_WARN_ABOUT_RETURN_TYPE = YES_ERROR;
				GCC_WARN_UNDECLARED_SELECTOR = YES;
				GCC_WARN_UNINITIALIZED_AUTOS = YES_AGGRESSIVE;
				GCC_WARN_UNUSED_FUNCTION = YES;
				GCC_WARN_UNUSED_VARIABLE = YES;
				IPHONEOS_DEPLOYMENT_TARGET = 17.2;
				LOCALIZATION_PREFERS_STRING_CATALOGS = YES;
				MTL_ENABLE_DEBUG_INFO = INCLUDE_SOURCE;
				MTL_FAST_MATH = YES;
				ONLY_ACTIVE_ARCH = YES;
				SDKROOT = iphoneos;
				SWIFT_ACTIVE_COMPILATION_CONDITIONS = "DEBUG $(inherited)";
				SWIFT_OPTIMIZATION_LEVEL = "-Onone";
			};
			name = Debug;
		};
		493AB0432CC01CFD008ABA00 /* Release */ = {
			isa = XCBuildConfiguration;
			buildSettings = {
				ALWAYS_SEARCH_USER_PATHS = NO;
				ASSETCATALOG_COMPILER_GENERATE_SWIFT_ASSET_SYMBOL_EXTENSIONS = YES;
				CLANG_ANALYZER_NONNULL = YES;
				CLANG_ANALYZER_NUMBER_OBJECT_CONVERSION = YES_AGGRESSIVE;
				CLANG_CXX_LANGUAGE_STANDARD = "gnu++20";
				CLANG_ENABLE_MODULES = YES;
				CLANG_ENABLE_OBJC_ARC = YES;
				CLANG_ENABLE_OBJC_WEAK = YES;
				CLANG_WARN_BLOCK_CAPTURE_AUTORELEASING = YES;
				CLANG_WARN_BOOL_CONVERSION = YES;
				CLANG_WARN_COMMA = YES;
				CLANG_WARN_CONSTANT_CONVERSION = YES;
				CLANG_WARN_DEPRECATED_OBJC_IMPLEMENTATIONS = YES;
				CLANG_WARN_DIRECT_OBJC_ISA_USAGE = YES_ERROR;
				CLANG_WARN_DOCUMENTATION_COMMENTS = YES;
				CLANG_WARN_EMPTY_BODY = YES;
				CLANG_WARN_ENUM_CONVERSION = YES;
				CLANG_WARN_INFINITE_RECURSION = YES;
				CLANG_WARN_INT_CONVERSION = YES;
				CLANG_WARN_NON_LITERAL_NULL_CONVERSION = YES;
				CLANG_WARN_OBJC_IMPLICIT_RETAIN_SELF = YES;
				CLANG_WARN_OBJC_LITERAL_CONVERSION = YES;
				CLANG_WARN_OBJC_ROOT_CLASS = YES_ERROR;
				CLANG_WARN_QUOTED_INCLUDE_IN_FRAMEWORK_HEADER = YES;
				CLANG_WARN_RANGE_LOOP_ANALYSIS = YES;
				CLANG_WARN_STRICT_PROTOTYPES = YES;
				CLANG_WARN_SUSPICIOUS_MOVE = YES;
				CLANG_WARN_UNGUARDED_AVAILABILITY = YES_AGGRESSIVE;
				CLANG_WARN_UNREACHABLE_CODE = YES;
				CLANG_WARN__DUPLICATE_METHOD_MATCH = YES;
				COPY_PHASE_STRIP = NO;
				DEBUG_INFORMATION_FORMAT = "dwarf-with-dsym";
				ENABLE_NS_ASSERTIONS = NO;
				ENABLE_STRICT_OBJC_MSGSEND = YES;
				ENABLE_USER_SCRIPT_SANDBOXING = YES;
				GCC_C_LANGUAGE_STANDARD = gnu17;
				GCC_NO_COMMON_BLOCKS = YES;
				GCC_WARN_64_TO_32_BIT_CONVERSION = YES;
				GCC_WARN_ABOUT_RETURN_TYPE = YES_ERROR;
				GCC_WARN_UNDECLARED_SELECTOR = YES;
				GCC_WARN_UNINITIALIZED_AUTOS = YES_AGGRESSIVE;
				GCC_WARN_UNUSED_FUNCTION = YES;
				GCC_WARN_UNUSED_VARIABLE = YES;
				IPHONEOS_DEPLOYMENT_TARGET = 17.2;
				LOCALIZATION_PREFERS_STRING_CATALOGS = YES;
				MTL_ENABLE_DEBUG_INFO = NO;
				MTL_FAST_MATH = YES;
				SDKROOT = iphoneos;
				SWIFT_COMPILATION_MODE = wholemodule;
				VALIDATE_PRODUCT = YES;
			};
			name = Release;
		};
		493AB0452CC01CFD008ABA00 /* Debug */ = {
			isa = XCBuildConfiguration;
			buildSettings = {
				ASSETCATALOG_COMPILER_APPICON_NAME = AppIcon;
				ASSETCATALOG_COMPILER_GLOBAL_ACCENT_COLOR_NAME = AccentColor;
				CODE_SIGN_STYLE = Automatic;
				CURRENT_PROJECT_VERSION = 1;
				DEVELOPMENT_ASSET_PATHS = "\"CurvedTabBar/Preview Content\"";
				ENABLE_PREVIEWS = YES;
				GENERATE_INFOPLIST_FILE = YES;
				INFOPLIST_KEY_UIApplicationSceneManifest_Generation = YES;
				INFOPLIST_KEY_UIApplicationSupportsIndirectInputEvents = YES;
				INFOPLIST_KEY_UILaunchScreen_Generation = YES;
				INFOPLIST_KEY_UISupportedInterfaceOrientations_iPad = "UIInterfaceOrientationPortrait UIInterfaceOrientationPortraitUpsideDown UIInterfaceOrientationLandscapeLeft UIInterfaceOrientationLandscapeRight";
				INFOPLIST_KEY_UISupportedInterfaceOrientations_iPhone = "UIInterfaceOrientationPortrait UIInterfaceOrientationLandscapeLeft UIInterfaceOrientationLandscapeRight";
				LD_RUNPATH_SEARCH_PATHS = (
					"$(inherited)",
					"@executable_path/Frameworks",
				);
				MARKETING_VERSION = 1.0;
				PRODUCT_BUNDLE_IDENTIFIER = Animations.CurvedTabBar;
				PRODUCT_NAME = "$(TARGET_NAME)";
				SWIFT_EMIT_LOC_STRINGS = YES;
				SWIFT_VERSION = 5.0;
				TARGETED_DEVICE_FAMILY = "1,2";
			};
			name = Debug;
		};
		493AB0462CC01CFD008ABA00 /* Release */ = {
			isa = XCBuildConfiguration;
			buildSettings = {
				ASSETCATALOG_COMPILER_APPICON_NAME = AppIcon;
				ASSETCATALOG_COMPILER_GLOBAL_ACCENT_COLOR_NAME = AccentColor;
				CODE_SIGN_STYLE = Automatic;
				CURRENT_PROJECT_VERSION = 1;
				DEVELOPMENT_ASSET_PATHS = "\"CurvedTabBar/Preview Content\"";
				ENABLE_PREVIEWS = YES;
				GENERATE_INFOPLIST_FILE = YES;
				INFOPLIST_KEY_UIApplicationSceneManifest_Generation = YES;
				INFOPLIST_KEY_UIApplicationSupportsIndirectInputEvents = YES;
				INFOPLIST_KEY_UILaunchScreen_Generation = YES;
				INFOPLIST_KEY_UISupportedInterfaceOrientations_iPad = "UIInterfaceOrientationPortrait UIInterfaceOrientationPortraitUpsideDown UIInterfaceOrientationLandscapeLeft UIInterfaceOrientationLandscapeRight";
				INFOPLIST_KEY_UISupportedInterfaceOrientations_iPhone = "UIInterfaceOrientationPortrait UIInterfaceOrientationLandscapeLeft UIInterfaceOrientationLandscapeRight";
				LD_RUNPATH_SEARCH_PATHS = (
					"$(inherited)",
					"@executable_path/Frameworks",
				);
				MARKETING_VERSION = 1.0;
				PRODUCT_BUNDLE_IDENTIFIER = Animations.CurvedTabBar;
				PRODUCT_NAME = "$(TARGET_NAME)";
				SWIFT_EMIT_LOC_STRINGS = YES;
				SWIFT_VERSION = 5.0;
				TARGETED_DEVICE_FAMILY = "1,2";
			};
			name = Release;
		};
		493AB0482CC01CFD008ABA00 /* Debug */ = {
			isa = XCBuildConfiguration;
			buildSettings = {
				ALWAYS_EMBED_SWIFT_STANDARD_LIBRARIES = YES;
				BUNDLE_LOADER = "$(TEST_HOST)";
				CODE_SIGN_STYLE = Automatic;
				CURRENT_PROJECT_VERSION = 1;
				GENERATE_INFOPLIST_FILE = YES;
				IPHONEOS_DEPLOYMENT_TARGET = 17.2;
				MARKETING_VERSION = 1.0;
				PRODUCT_BUNDLE_IDENTIFIER = Animations.CurvedTabBarTests;
				PRODUCT_NAME = "$(TARGET_NAME)";
				SWIFT_EMIT_LOC_STRINGS = NO;
				SWIFT_VERSION = 5.0;
				TARGETED_DEVICE_FAMILY = "1,2";
				TEST_HOST = "$(BUILT_PRODUCTS_DIR)/CurvedTabBar.app/$(BUNDLE_EXECUTABLE_FOLDER_PATH)/CurvedTabBar";
			};
			name = Debug;
		};
		493AB0492CC01CFD008ABA00 /* Release */ = {
			isa = XCBuildConfiguration;
			buildSettings = {
				ALWAYS_EMBED_SWIFT_STANDARD_LIBRARIES = YES;
				BUNDLE_LOADER = "$(TEST_HOST)";
				CODE_SIGN_STYLE = Automatic;
				CURRENT_PROJECT_VERSION = 1;
				GENERATE_INFOPLIST_FILE = YES;
				IPHONEOS_DEPLOYMENT_TARGET = 17.2;
				MARKETING_VERSION = 1.0;
				PRODUCT_BUNDLE_IDENTIFIER = Animations.CurvedTabBarTests;
				PRODUCT_NAME = "$(TARGET_NAME)";
				SWIFT_EMIT_LOC_STRINGS = NO;
				SWIFT_VERSION = 5.0;
				TARGETED_DEVICE_FAMILY = "1,2";
				TEST_HOST = "$(BUILT_PRODUCTS_DIR)/CurvedTabBar.app/$(BUNDLE_EXECUTABLE_FOLDER_PATH)/CurvedTabBar";
			};
			name = Release;
		};
		493AB04B2CC01CFD008ABA00 /* Debug */ = {
			isa = XCBuildConfiguration;
			buildSettings = {
				ALWAYS_EMBED_SWIFT_STANDARD_LIBRARIES = YES;
				CODE_SIGN_STYLE = Automatic;
				CURRENT_PROJECT_VERSION = 1;
				GENERATE_INFOPLIST_FILE = YES;
				MARKETING_VERSION = 1.0;
				PRODUCT_BUNDLE_IDENTIFIER = Animations.CurvedTabBarUITests;
				PRODUCT_NAME = "$(TARGET_NAME)";
				SWIFT_EMIT_LOC_STRINGS = NO;
				SWIFT_VERSION = 5.0;
				TARGETED_DEVICE_FAMILY = "1,2";
				TEST_TARGET_NAME = CurvedTabBar;
			};
			name = Debug;
		};
		493AB04C2CC01CFD008ABA00 /* Release */ = {
			isa = XCBuildConfiguration;
			buildSettings = {
				ALWAYS_EMBED_SWIFT_STANDARD_LIBRARIES = YES;
				CODE_SIGN_STYLE = Automatic;
				CURRENT_PROJECT_VERSION = 1;
				GENERATE_INFOPLIST_FILE = YES;
				MARKETING_VERSION = 1.0;
				PRODUCT_BUNDLE_IDENTIFIER = Animations.CurvedTabBarUITests;
				PRODUCT_NAME = "$(TARGET_NAME)";
				SWIFT_EMIT_LOC_STRINGS = NO;
				SWIFT_VERSION = 5.0;
				TARGETED_DEVICE_FAMILY = "1,2";
				TEST_TARGET_NAME = CurvedTabBar;
			};
			name = Release;
		};
/* End XCBuildConfiguration section */

/* Begin XCConfigurationList section */
		493AB01B2CC01CFC008ABA00 /* Build configuration list for PBXProject "CurvedTabBar" */ = {
			isa = XCConfigurationList;
			buildConfigurations = (
				493AB0422CC01CFD008ABA00 /* Debug */,
				493AB0432CC01CFD008ABA00 /* Release */,
			);
			defaultConfigurationIsVisible = 0;
			defaultConfigurationName = Release;
		};
		493AB0442CC01CFD008ABA00 /* Build configuration list for PBXNativeTarget "CurvedTabBar" */ = {
			isa = XCConfigurationList;
			buildConfigurations = (
				493AB0452CC01CFD008ABA00 /* Debug */,
				493AB0462CC01CFD008ABA00 /* Release */,
			);
			defaultConfigurationIsVisible = 0;
			defaultConfigurationName = Release;
		};
		493AB0472CC01CFD008ABA00 /* Build configuration list for PBXNativeTarget "CurvedTabBarTests" */ = {
			isa = XCConfigurationList;
			buildConfigurations = (
				493AB0482CC01CFD008ABA00 /* Debug */,
				493AB0492CC01CFD008ABA00 /* Release */,
			);
			defaultConfigurationIsVisible = 0;
			defaultConfigurationName = Release;
		};
		493AB04A2CC01CFD008ABA00 /* Build configuration list for PBXNativeTarget "CurvedTabBarUITests" */ = {
			isa = XCConfigurationList;
			buildConfigurations = (
				493AB04B2CC01CFD008ABA00 /* Debug */,
				493AB04C2CC01CFD008ABA00 /* Release */,
			);
			defaultConfigurationIsVisible = 0;
			defaultConfigurationName = Release;
		};
/* End XCConfigurationList section */
	};
	rootObject = 493AB0182CC01CFC008ABA00 /* Project object */;
}
